// !$*UTF8*$!
{
	archiveVersion = 1;
	classes = {
	};
	objectVersion = 50;
	objects = {

/* Begin PBXBuildFile section */
		181673D52705991B009FF101 /* AppDelegate.swift in Sources */ = {isa = PBXBuildFile; fileRef = 181673D42705991B009FF101 /* AppDelegate.swift */; };
		181673D72705991B009FF101 /* SceneDelegate.swift in Sources */ = {isa = PBXBuildFile; fileRef = 181673D62705991B009FF101 /* SceneDelegate.swift */; };
		181673D92705991B009FF101 /* ViewController.swift in Sources */ = {isa = PBXBuildFile; fileRef = 181673D82705991B009FF101 /* ViewController.swift */; };
		181673DC2705991B009FF101 /* Main.storyboard in Resources */ = {isa = PBXBuildFile; fileRef = 181673DA2705991B009FF101 /* Main.storyboard */; };
		181673DE2705991D009FF101 /* Assets.xcassets in Resources */ = {isa = PBXBuildFile; fileRef = 181673DD2705991D009FF101 /* Assets.xcassets */; };
		181673E12705991D009FF101 /* LaunchScreen.storyboard in Resources */ = {isa = PBXBuildFile; fileRef = 181673DF2705991D009FF101 /* LaunchScreen.storyboard */; };
		181673E927059A63009FF101 /* SandwichViewController.swift in Sources */ = {isa = PBXBuildFile; fileRef = 181673E827059A63009FF101 /* SandwichViewController.swift */; };
		181673EC27059AEC009FF101 /* SandwichCustomTableViewCell.swift in Sources */ = {isa = PBXBuildFile; fileRef = 181673EA27059AEC009FF101 /* SandwichCustomTableViewCell.swift */; };
		181673ED27059AEC009FF101 /* SandwichCustomTableViewCell.xib in Resources */ = {isa = PBXBuildFile; fileRef = 181673EB27059AEC009FF101 /* SandwichCustomTableViewCell.xib */; };
		181673EF27059D91009FF101 /* Task2TableViewController.swift in Sources */ = {isa = PBXBuildFile; fileRef = 181673EE27059D91009FF101 /* Task2TableViewController.swift */; };
		181673F127059DE8009FF101 /* Task2TableViewCell.swift in Sources */ = {isa = PBXBuildFile; fileRef = 181673F027059DE8009FF101 /* Task2TableViewCell.swift */; };
		181673F327059F1A009FF101 /* PassingDataBtwnScreensViewController.swift in Sources */ = {isa = PBXBuildFile; fileRef = 181673F227059F1A009FF101 /* PassingDataBtwnScreensViewController.swift */; };
		181673F527059F38009FF101 /* PassingDataSecondViewController.swift in Sources */ = {isa = PBXBuildFile; fileRef = 181673F427059F38009FF101 /* PassingDataSecondViewController.swift */; };
		181673F72705A176009FF101 /* ElementsInScrollViewController.swift in Sources */ = {isa = PBXBuildFile; fileRef = 181673F62705A176009FF101 /* ElementsInScrollViewController.swift */; };
		181673F92705A4CD009FF101 /* ToDoListViewController.swift in Sources */ = {isa = PBXBuildFile; fileRef = 181673F82705A4CD009FF101 /* ToDoListViewController.swift */; };
		181673FB2705A503009FF101 /* ToDoListModel.swift in Sources */ = {isa = PBXBuildFile; fileRef = 181673FA2705A503009FF101 /* ToDoListModel.swift */; };
		181673FD2705A541009FF101 /* ToDoListTableViewCell.swift in Sources */ = {isa = PBXBuildFile; fileRef = 181673FC2705A541009FF101 /* ToDoListTableViewCell.swift */; };
		181673FF2705A805009FF101 /* SettingsViewController.swift in Sources */ = {isa = PBXBuildFile; fileRef = 181673FE2705A805009FF101 /* SettingsViewController.swift */; };
		181674022705A858009FF101 /* SettingsOneTableViewCell.swift in Sources */ = {isa = PBXBuildFile; fileRef = 181674002705A858009FF101 /* SettingsOneTableViewCell.swift */; };
		181674032705A858009FF101 /* SettingsOneTableViewCell.xib in Resources */ = {isa = PBXBuildFile; fileRef = 181674012705A858009FF101 /* SettingsOneTableViewCell.xib */; };
		181674062705A86B009FF101 /* SettingsTwoTableViewCell.swift in Sources */ = {isa = PBXBuildFile; fileRef = 181674042705A86B009FF101 /* SettingsTwoTableViewCell.swift */; };
		181674072705A86B009FF101 /* SettingsTwoTableViewCell.xib in Resources */ = {isa = PBXBuildFile; fileRef = 181674052705A86B009FF101 /* SettingsTwoTableViewCell.xib */; };
		18853D192705C73C00FDE45F /* DynamicCollectionViewController.swift in Sources */ = {isa = PBXBuildFile; fileRef = 18853D182705C73C00FDE45F /* DynamicCollectionViewController.swift */; };
		18853D1B2705C79B00FDE45F /* DynamicCollectionViewCell.swift in Sources */ = {isa = PBXBuildFile; fileRef = 18853D1A2705C79B00FDE45F /* DynamicCollectionViewCell.swift */; };
		18853D1D2705C91900FDE45F /* ATMViewController.swift in Sources */ = {isa = PBXBuildFile; fileRef = 18853D1C2705C91900FDE45F /* ATMViewController.swift */; };
		18853D3F2705E49100FDE45F /* TimerViewController.swift in Sources */ = {isa = PBXBuildFile; fileRef = 18853D3E2705E49100FDE45F /* TimerViewController.swift */; };
		18B768AA2705FDC100C245E1 /* FirstTableViewCell.swift in Sources */ = {isa = PBXBuildFile; fileRef = 18B768A92705FDC100C245E1 /* FirstTableViewCell.swift */; };
		18F53A0827081D3200C5A1C3 /* APIResponseViewController.swift in Sources */ = {isa = PBXBuildFile; fileRef = 18F53A0727081D3200C5A1C3 /* APIResponseViewController.swift */; };
/* End PBXBuildFile section */

/* Begin PBXFileReference section */
		181673D12705991B009FF101 /* AllTaskInOneProject.app */ = {isa = PBXFileReference; explicitFileType = wrapper.application; includeInIndex = 0; path = AllTaskInOneProject.app; sourceTree = BUILT_PRODUCTS_DIR; };
		181673D42705991B009FF101 /* AppDelegate.swift */ = {isa = PBXFileReference; lastKnownFileType = sourcecode.swift; path = AppDelegate.swift; sourceTree = "<group>"; };
		181673D62705991B009FF101 /* SceneDelegate.swift */ = {isa = PBXFileReference; lastKnownFileType = sourcecode.swift; path = SceneDelegate.swift; sourceTree = "<group>"; };
		181673D82705991B009FF101 /* ViewController.swift */ = {isa = PBXFileReference; lastKnownFileType = sourcecode.swift; path = ViewController.swift; sourceTree = "<group>"; };
		181673DB2705991B009FF101 /* Base */ = {isa = PBXFileReference; lastKnownFileType = file.storyboard; name = Base; path = Base.lproj/Main.storyboard; sourceTree = "<group>"; };
		181673DD2705991D009FF101 /* Assets.xcassets */ = {isa = PBXFileReference; lastKnownFileType = folder.assetcatalog; path = Assets.xcassets; sourceTree = "<group>"; };
		181673E02705991D009FF101 /* Base */ = {isa = PBXFileReference; lastKnownFileType = file.storyboard; name = Base; path = Base.lproj/LaunchScreen.storyboard; sourceTree = "<group>"; };
		181673E22705991D009FF101 /* Info.plist */ = {isa = PBXFileReference; lastKnownFileType = text.plist.xml; path = Info.plist; sourceTree = "<group>"; };
		181673E827059A63009FF101 /* SandwichViewController.swift */ = {isa = PBXFileReference; lastKnownFileType = sourcecode.swift; path = SandwichViewController.swift; sourceTree = "<group>"; };
		181673EA27059AEC009FF101 /* SandwichCustomTableViewCell.swift */ = {isa = PBXFileReference; lastKnownFileType = sourcecode.swift; path = SandwichCustomTableViewCell.swift; sourceTree = "<group>"; };
		181673EB27059AEC009FF101 /* SandwichCustomTableViewCell.xib */ = {isa = PBXFileReference; lastKnownFileType = file.xib; path = SandwichCustomTableViewCell.xib; sourceTree = "<group>"; };
		181673EE27059D91009FF101 /* Task2TableViewController.swift */ = {isa = PBXFileReference; lastKnownFileType = sourcecode.swift; path = Task2TableViewController.swift; sourceTree = "<group>"; };
		181673F027059DE8009FF101 /* Task2TableViewCell.swift */ = {isa = PBXFileReference; lastKnownFileType = sourcecode.swift; path = Task2TableViewCell.swift; sourceTree = "<group>"; };
		181673F227059F1A009FF101 /* PassingDataBtwnScreensViewController.swift */ = {isa = PBXFileReference; lastKnownFileType = sourcecode.swift; path = PassingDataBtwnScreensViewController.swift; sourceTree = "<group>"; };
		181673F427059F38009FF101 /* PassingDataSecondViewController.swift */ = {isa = PBXFileReference; lastKnownFileType = sourcecode.swift; path = PassingDataSecondViewController.swift; sourceTree = "<group>"; };
		181673F62705A176009FF101 /* ElementsInScrollViewController.swift */ = {isa = PBXFileReference; lastKnownFileType = sourcecode.swift; path = ElementsInScrollViewController.swift; sourceTree = "<group>"; };
		181673F82705A4CD009FF101 /* ToDoListViewController.swift */ = {isa = PBXFileReference; lastKnownFileType = sourcecode.swift; path = ToDoListViewController.swift; sourceTree = "<group>"; };
		181673FA2705A503009FF101 /* ToDoListModel.swift */ = {isa = PBXFileReference; lastKnownFileType = sourcecode.swift; path = ToDoListModel.swift; sourceTree = "<group>"; };
		181673FC2705A541009FF101 /* ToDoListTableViewCell.swift */ = {isa = PBXFileReference; lastKnownFileType = sourcecode.swift; path = ToDoListTableViewCell.swift; sourceTree = "<group>"; };
		181673FE2705A805009FF101 /* SettingsViewController.swift */ = {isa = PBXFileReference; lastKnownFileType = sourcecode.swift; path = SettingsViewController.swift; sourceTree = "<group>"; };
		181674002705A858009FF101 /* SettingsOneTableViewCell.swift */ = {isa = PBXFileReference; lastKnownFileType = sourcecode.swift; path = SettingsOneTableViewCell.swift; sourceTree = "<group>"; };
		181674012705A858009FF101 /* SettingsOneTableViewCell.xib */ = {isa = PBXFileReference; lastKnownFileType = file.xib; path = SettingsOneTableViewCell.xib; sourceTree = "<group>"; };
		181674042705A86B009FF101 /* SettingsTwoTableViewCell.swift */ = {isa = PBXFileReference; lastKnownFileType = sourcecode.swift; path = SettingsTwoTableViewCell.swift; sourceTree = "<group>"; };
		181674052705A86B009FF101 /* SettingsTwoTableViewCell.xib */ = {isa = PBXFileReference; lastKnownFileType = file.xib; path = SettingsTwoTableViewCell.xib; sourceTree = "<group>"; };
		18853D182705C73C00FDE45F /* DynamicCollectionViewController.swift */ = {isa = PBXFileReference; lastKnownFileType = sourcecode.swift; path = DynamicCollectionViewController.swift; sourceTree = "<group>"; };
		18853D1A2705C79B00FDE45F /* DynamicCollectionViewCell.swift */ = {isa = PBXFileReference; lastKnownFileType = sourcecode.swift; path = DynamicCollectionViewCell.swift; sourceTree = "<group>"; };
		18853D1C2705C91900FDE45F /* ATMViewController.swift */ = {isa = PBXFileReference; lastKnownFileType = sourcecode.swift; path = ATMViewController.swift; sourceTree = "<group>"; };
		18853D3E2705E49100FDE45F /* TimerViewController.swift */ = {isa = PBXFileReference; lastKnownFileType = sourcecode.swift; path = TimerViewController.swift; sourceTree = "<group>"; };
		18B768A92705FDC100C245E1 /* FirstTableViewCell.swift */ = {isa = PBXFileReference; lastKnownFileType = sourcecode.swift; path = FirstTableViewCell.swift; sourceTree = "<group>"; };
		18F53A0727081D3200C5A1C3 /* APIResponseViewController.swift */ = {isa = PBXFileReference; lastKnownFileType = sourcecode.swift; path = APIResponseViewController.swift; sourceTree = "<group>"; };
/* End PBXFileReference section */

/* Begin PBXFrameworksBuildPhase section */
		181673CE2705991B009FF101 /* Frameworks */ = {
			isa = PBXFrameworksBuildPhase;
			buildActionMask = 2147483647;
			files = (
			);
			runOnlyForDeploymentPostprocessing = 0;
		};
/* End PBXFrameworksBuildPhase section */

/* Begin PBXGroup section */
		181673C82705991B009FF101 = {
			isa = PBXGroup;
			children = (
				181673D32705991B009FF101 /* AllTaskInOneProject */,
				181673D22705991B009FF101 /* Products */,
			);
			sourceTree = "<group>";
		};
		181673D22705991B009FF101 /* Products */ = {
			isa = PBXGroup;
			children = (
				181673D12705991B009FF101 /* AllTaskInOneProject.app */,
			);
			name = Products;
			sourceTree = "<group>";
		};
		181673D32705991B009FF101 /* AllTaskInOneProject */ = {
			isa = PBXGroup;
			children = (
				181673D42705991B009FF101 /* AppDelegate.swift */,
				181673D62705991B009FF101 /* SceneDelegate.swift */,
				181673D82705991B009FF101 /* ViewController.swift */,
				18B768A92705FDC100C245E1 /* FirstTableViewCell.swift */,
				181673DA2705991B009FF101 /* Main.storyboard */,
				181673DD2705991D009FF101 /* Assets.xcassets */,
				181673DF2705991D009FF101 /* LaunchScreen.storyboard */,
				181673E22705991D009FF101 /* Info.plist */,
				18438B4F27062039008DBFB5 /* SandWich_UI_Design */,
				18438B5027062061008DBFB5 /* TableViewTask2 */,
				18438B5127062075008DBFB5 /* PassingDataFromOneVC */,
				18438B522706208A008DBFB5 /* UIElementsInOneApp */,
				18438B53270620A0008DBFB5 /* ToDoList */,
				18438B54270620B2008DBFB5 /* SettingsApp */,
				18438B55270620C3008DBFB5 /* DynamicCollectionView */,
				18438B56270620D1008DBFB5 /* ATMCard */,
				18438B57270620E0008DBFB5 /* TimerApp */,
				18F53A0727081D3200C5A1C3 /* APIResponseViewController.swift */,
			);
			path = AllTaskInOneProject;
			sourceTree = "<group>";
		};
		18438B4F27062039008DBFB5 /* SandWich_UI_Design */ = {
			isa = PBXGroup;
			children = (
				181673E827059A63009FF101 /* SandwichViewController.swift */,
				181673EA27059AEC009FF101 /* SandwichCustomTableViewCell.swift */,
				181673EB27059AEC009FF101 /* SandwichCustomTableViewCell.xib */,
			);
			path = SandWich_UI_Design;
			sourceTree = "<group>";
		};
		18438B5027062061008DBFB5 /* TableViewTask2 */ = {
			isa = PBXGroup;
			children = (
				181673EE27059D91009FF101 /* Task2TableViewController.swift */,
				181673F027059DE8009FF101 /* Task2TableViewCell.swift */,
			);
			path = TableViewTask2;
			sourceTree = "<group>";
		};
		18438B5127062075008DBFB5 /* PassingDataFromOneVC */ = {
			isa = PBXGroup;
			children = (
				181673F227059F1A009FF101 /* PassingDataBtwnScreensViewController.swift */,
				181673F427059F38009FF101 /* PassingDataSecondViewController.swift */,
			);
			path = PassingDataFromOneVC;
			sourceTree = "<group>";
		};
		18438B522706208A008DBFB5 /* UIElementsInOneApp */ = {
			isa = PBXGroup;
			children = (
				181673F62705A176009FF101 /* ElementsInScrollViewController.swift */,
			);
			path = UIElementsInOneApp;
			sourceTree = "<group>";
		};
		18438B53270620A0008DBFB5 /* ToDoList */ = {
			isa = PBXGroup;
			children = (
				181673F82705A4CD009FF101 /* ToDoListViewController.swift */,
				181673FA2705A503009FF101 /* ToDoListModel.swift */,
				181673FC2705A541009FF101 /* ToDoListTableViewCell.swift */,
			);
			path = ToDoList;
			sourceTree = "<group>";
		};
		18438B54270620B2008DBFB5 /* SettingsApp */ = {
			isa = PBXGroup;
			children = (
				181673FE2705A805009FF101 /* SettingsViewController.swift */,
				181674002705A858009FF101 /* SettingsOneTableViewCell.swift */,
				181674012705A858009FF101 /* SettingsOneTableViewCell.xib */,
				181674042705A86B009FF101 /* SettingsTwoTableViewCell.swift */,
				181674052705A86B009FF101 /* SettingsTwoTableViewCell.xib */,
			);
			path = SettingsApp;
			sourceTree = "<group>";
		};
		18438B55270620C3008DBFB5 /* DynamicCollectionView */ = {
			isa = PBXGroup;
			children = (
				18853D182705C73C00FDE45F /* DynamicCollectionViewController.swift */,
				18853D1A2705C79B00FDE45F /* DynamicCollectionViewCell.swift */,
			);
			path = DynamicCollectionView;
			sourceTree = "<group>";
		};
		18438B56270620D1008DBFB5 /* ATMCard */ = {
			isa = PBXGroup;
			children = (
				18853D1C2705C91900FDE45F /* ATMViewController.swift */,
			);
			path = ATMCard;
			sourceTree = "<group>";
		};
		18438B57270620E0008DBFB5 /* TimerApp */ = {
			isa = PBXGroup;
			children = (
				18853D3E2705E49100FDE45F /* TimerViewController.swift */,
			);
			path = TimerApp;
			sourceTree = "<group>";
		};
/* End PBXGroup section */

/* Begin PBXNativeTarget section */
		181673D02705991B009FF101 /* AllTaskInOneProject */ = {
			isa = PBXNativeTarget;
			buildConfigurationList = 181673E52705991D009FF101 /* Build configuration list for PBXNativeTarget "AllTaskInOneProject" */;
			buildPhases = (
				181673CD2705991B009FF101 /* Sources */,
				181673CE2705991B009FF101 /* Frameworks */,
				181673CF2705991B009FF101 /* Resources */,
			);
			buildRules = (
			);
			dependencies = (
			);
			name = AllTaskInOneProject;
			productName = AllTaskInOneProject;
			productReference = 181673D12705991B009FF101 /* AllTaskInOneProject.app */;
			productType = "com.apple.product-type.application";
		};
/* End PBXNativeTarget section */

/* Begin PBXProject section */
		181673C92705991B009FF101 /* Project object */ = {
			isa = PBXProject;
			attributes = {
				LastSwiftUpdateCheck = 1170;
				LastUpgradeCheck = 1170;
				ORGANIZATIONNAME = apple;
				TargetAttributes = {
					181673D02705991B009FF101 = {
						CreatedOnToolsVersion = 11.7;
					};
				};
			};
			buildConfigurationList = 181673CC2705991B009FF101 /* Build configuration list for PBXProject "AllTaskInOneProject" */;
			compatibilityVersion = "Xcode 9.3";
			developmentRegion = en;
			hasScannedForEncodings = 0;
			knownRegions = (
				en,
				Base,
			);
			mainGroup = 181673C82705991B009FF101;
			productRefGroup = 181673D22705991B009FF101 /* Products */;
			projectDirPath = "";
			projectRoot = "";
			targets = (
				181673D02705991B009FF101 /* AllTaskInOneProject */,
			);
		};
/* End PBXProject section */

/* Begin PBXResourcesBuildPhase section */
		181673CF2705991B009FF101 /* Resources */ = {
			isa = PBXResourcesBuildPhase;
			buildActionMask = 2147483647;
			files = (
				181673E12705991D009FF101 /* LaunchScreen.storyboard in Resources */,
				181673DE2705991D009FF101 /* Assets.xcassets in Resources */,
				181673DC2705991B009FF101 /* Main.storyboard in Resources */,
				181673ED27059AEC009FF101 /* SandwichCustomTableViewCell.xib in Resources */,
				181674032705A858009FF101 /* SettingsOneTableViewCell.xib in Resources */,
				181674072705A86B009FF101 /* SettingsTwoTableViewCell.xib in Resources */,
			);
			runOnlyForDeploymentPostprocessing = 0;
		};
/* End PBXResourcesBuildPhase section */

/* Begin PBXSourcesBuildPhase section */
		181673CD2705991B009FF101 /* Sources */ = {
			isa = PBXSourcesBuildPhase;
			buildActionMask = 2147483647;
			files = (
				18853D3F2705E49100FDE45F /* TimerViewController.swift in Sources */,
				181673F527059F38009FF101 /* PassingDataSecondViewController.swift in Sources */,
				18F53A0827081D3200C5A1C3 /* APIResponseViewController.swift in Sources */,
				18853D192705C73C00FDE45F /* DynamicCollectionViewController.swift in Sources */,
				181673FB2705A503009FF101 /* ToDoListModel.swift in Sources */,
				181673D92705991B009FF101 /* ViewController.swift in Sources */,
				18853D1D2705C91900FDE45F /* ATMViewController.swift in Sources */,
				18B768AA2705FDC100C245E1 /* FirstTableViewCell.swift in Sources */,
				181673FD2705A541009FF101 /* ToDoListTableViewCell.swift in Sources */,
				181673F327059F1A009FF101 /* PassingDataBtwnScreensViewController.swift in Sources */,
				181674022705A858009FF101 /* SettingsOneTableViewCell.swift in Sources */,
				181673F72705A176009FF101 /* ElementsInScrollViewController.swift in Sources */,
				18853D1B2705C79B00FDE45F /* DynamicCollectionViewCell.swift in Sources */,
				181674062705A86B009FF101 /* SettingsTwoTableViewCell.swift in Sources */,
				181673F92705A4CD009FF101 /* ToDoListViewController.swift in Sources */,
				181673EC27059AEC009FF101 /* SandwichCustomTableViewCell.swift in Sources */,
				181673D52705991B009FF101 /* AppDelegate.swift in Sources */,
				181673FF2705A805009FF101 /* SettingsViewController.swift in Sources */,
				181673EF27059D91009FF101 /* Task2TableViewController.swift in Sources */,
				181673D72705991B009FF101 /* SceneDelegate.swift in Sources */,
				181673E927059A63009FF101 /* SandwichViewController.swift in Sources */,
				181673F127059DE8009FF101 /* Task2TableViewCell.swift in Sources */,
			);
			runOnlyForDeploymentPostprocessing = 0;
		};
/* End PBXSourcesBuildPhase section */

/* Begin PBXVariantGroup section */
		181673DA2705991B009FF101 /* Main.storyboard */ = {
			isa = PBXVariantGroup;
			children = (
				181673DB2705991B009FF101 /* Base */,
			);
			name = Main.storyboard;
			sourceTree = "<group>";
		};
		181673DF2705991D009FF101 /* LaunchScreen.storyboard */ = {
			isa = PBXVariantGroup;
			children = (
				181673E02705991D009FF101 /* Base */,
			);
			name = LaunchScreen.storyboard;
			sourceTree = "<group>";
		};
/* End PBXVariantGroup section */

/* Begin XCBuildConfiguration section */
		181673E32705991D009FF101 /* Debug */ = {
			isa = XCBuildConfiguration;
			buildSettings = {
				ALWAYS_SEARCH_USER_PATHS = NO;
				CLANG_ANALYZER_NONNULL = YES;
				CLANG_ANALYZER_NUMBER_OBJECT_CONVERSION = YES_AGGRESSIVE;
				CLANG_CXX_LANGUAGE_STANDARD = "gnu++14";
				CLANG_CXX_LIBRARY = "libc++";
				CLANG_ENABLE_MODULES = YES;
				CLANG_ENABLE_OBJC_ARC = YES;
				CLANG_ENABLE_OBJC_WEAK = YES;
				CLANG_WARN_BLOCK_CAPTURE_AUTORELEASING = YES;
				CLANG_WARN_BOOL_CONVERSION = YES;
				CLANG_WARN_COMMA = YES;
				CLANG_WARN_CONSTANT_CONVERSION = YES;
				CLANG_WARN_DEPRECATED_OBJC_IMPLEMENTATIONS = YES;
				CLANG_WARN_DIRECT_OBJC_ISA_USAGE = YES_ERROR;
				CLANG_WARN_DOCUMENTATION_COMMENTS = YES;
				CLANG_WARN_EMPTY_BODY = YES;
				CLANG_WARN_ENUM_CONVERSION = YES;
				CLANG_WARN_INFINITE_RECURSION = YES;
				CLANG_WARN_INT_CONVERSION = YES;
				CLANG_WARN_NON_LITERAL_NULL_CONVERSION = YES;
				CLANG_WARN_OBJC_IMPLICIT_RETAIN_SELF = YES;
				CLANG_WARN_OBJC_LITERAL_CONVERSION = YES;
				CLANG_WARN_OBJC_ROOT_CLASS = YES_ERROR;
				CLANG_WARN_RANGE_LOOP_ANALYSIS = YES;
				CLANG_WARN_STRICT_PROTOTYPES = YES;
				CLANG_WARN_SUSPICIOUS_MOVE = YES;
				CLANG_WARN_UNGUARDED_AVAILABILITY = YES_AGGRESSIVE;
				CLANG_WARN_UNREACHABLE_CODE = YES;
				CLANG_WARN__DUPLICATE_METHOD_MATCH = YES;
				COPY_PHASE_STRIP = NO;
				DEBUG_INFORMATION_FORMAT = dwarf;
				ENABLE_STRICT_OBJC_MSGSEND = YES;
				ENABLE_TESTABILITY = YES;
				GCC_C_LANGUAGE_STANDARD = gnu11;
				GCC_DYNAMIC_NO_PIC = NO;
				GCC_NO_COMMON_BLOCKS = YES;
				GCC_OPTIMIZATION_LEVEL = 0;
				GCC_PREPROCESSOR_DEFINITIONS = (
					"DEBUG=1",
					"$(inherited)",
				);
				GCC_WARN_64_TO_32_BIT_CONVERSION = YES;
				GCC_WARN_ABOUT_RETURN_TYPE = YES_ERROR;
				GCC_WARN_UNDECLARED_SELECTOR = YES;
				GCC_WARN_UNINITIALIZED_AUTOS = YES_AGGRESSIVE;
				GCC_WARN_UNUSED_FUNCTION = YES;
				GCC_WARN_UNUSED_VARIABLE = YES;
				IPHONEOS_DEPLOYMENT_TARGET = 13.7;
				MTL_ENABLE_DEBUG_INFO = INCLUDE_SOURCE;
				MTL_FAST_MATH = YES;
				ONLY_ACTIVE_ARCH = YES;
				SDKROOT = iphoneos;
				SWIFT_ACTIVE_COMPILATION_CONDITIONS = DEBUG;
				SWIFT_OPTIMIZATION_LEVEL = "-Onone";
			};
			name = Debug;
		};
		181673E42705991D009FF101 /* Release */ = {
			isa = XCBuildConfiguration;
			buildSettings = {
				ALWAYS_SEARCH_USER_PATHS = NO;
				CLANG_ANALYZER_NONNULL = YES;
				CLANG_ANALYZER_NUMBER_OBJECT_CONVERSION = YES_AGGRESSIVE;
				CLANG_CXX_LANGUAGE_STANDARD = "gnu++14";
				CLANG_CXX_LIBRARY = "libc++";
				CLANG_ENABLE_MODULES = YES;
				CLANG_ENABLE_OBJC_ARC = YES;
				CLANG_ENABLE_OBJC_WEAK = YES;
				CLANG_WARN_BLOCK_CAPTURE_AUTORELEASING = YES;
				CLANG_WARN_BOOL_CONVERSION = YES;
				CLANG_WARN_COMMA = YES;
				CLANG_WARN_CONSTANT_CONVERSION = YES;
				CLANG_WARN_DEPRECATED_OBJC_IMPLEMENTATIONS = YES;
				CLANG_WARN_DIRECT_OBJC_ISA_USAGE = YES_ERROR;
				CLANG_WARN_DOCUMENTATION_COMMENTS = YES;
				CLANG_WARN_EMPTY_BODY = YES;
				CLANG_WARN_ENUM_CONVERSION = YES;
				CLANG_WARN_INFINITE_RECURSION = YES;
				CLANG_WARN_INT_CONVERSION = YES;
				CLANG_WARN_NON_LITERAL_NULL_CONVERSION = YES;
				CLANG_WARN_OBJC_IMPLICIT_RETAIN_SELF = YES;
				CLANG_WARN_OBJC_LITERAL_CONVERSION = YES;
				CLANG_WARN_OBJC_ROOT_CLASS = YES_ERROR;
				CLANG_WARN_RANGE_LOOP_ANALYSIS = YES;
				CLANG_WARN_STRICT_PROTOTYPES = YES;
				CLANG_WARN_SUSPICIOUS_MOVE = YES;
				CLANG_WARN_UNGUARDED_AVAILABILITY = YES_AGGRESSIVE;
				CLANG_WARN_UNREACHABLE_CODE = YES;
				CLANG_WARN__DUPLICATE_METHOD_MATCH = YES;
				COPY_PHASE_STRIP = NO;
				DEBUG_INFORMATION_FORMAT = "dwarf-with-dsym";
				ENABLE_NS_ASSERTIONS = NO;
				ENABLE_STRICT_OBJC_MSGSEND = YES;
				GCC_C_LANGUAGE_STANDARD = gnu11;
				GCC_NO_COMMON_BLOCKS = YES;
				GCC_WARN_64_TO_32_BIT_CONVERSION = YES;
				GCC_WARN_ABOUT_RETURN_TYPE = YES_ERROR;
				GCC_WARN_UNDECLARED_SELECTOR = YES;
				GCC_WARN_UNINITIALIZED_AUTOS = YES_AGGRESSIVE;
				GCC_WARN_UNUSED_FUNCTION = YES;
				GCC_WARN_UNUSED_VARIABLE = YES;
				IPHONEOS_DEPLOYMENT_TARGET = 13.7;
				MTL_ENABLE_DEBUG_INFO = NO;
				MTL_FAST_MATH = YES;
				SDKROOT = iphoneos;
				SWIFT_COMPILATION_MODE = wholemodule;
				SWIFT_OPTIMIZATION_LEVEL = "-O";
				VALIDATE_PRODUCT = YES;
			};
			name = Release;
		};
		181673E62705991D009FF101 /* Debug */ = {
			isa = XCBuildConfiguration;
			buildSettings = {
				ASSETCATALOG_COMPILER_APPICON_NAME = AppIcon;
				CODE_SIGN_STYLE = Automatic;
				INFOPLIST_FILE = AllTaskInOneProject/Info.plist;
				LD_RUNPATH_SEARCH_PATHS = (
					"$(inherited)",
					"@executable_path/Frameworks",
				);
				PRODUCT_BUNDLE_IDENTIFIER = com.AllTaskInOneProject;
				PRODUCT_NAME = "$(TARGET_NAME)";
				SWIFT_VERSION = 5.0;
				TARGETED_DEVICE_FAMILY = "1,2";
			};
			name = Debug;
		};
		181673E72705991D009FF101 /* Release */ = {
			isa = XCBuildConfiguration;
			buildSettings = {
				ASSETCATALOG_COMPILER_APPICON_NAME = AppIcon;
				CODE_SIGN_STYLE = Automatic;
				INFOPLIST_FILE = AllTaskInOneProject/Info.plist;
				LD_RUNPATH_SEARCH_PATHS = (
					"$(inherited)",
					"@executable_path/Frameworks",
				);
				PRODUCT_BUNDLE_IDENTIFIER = com.AllTaskInOneProject;
				PRODUCT_NAME = "$(TARGET_NAME)";
				SWIFT_VERSION = 5.0;
				TARGETED_DEVICE_FAMILY = "1,2";
			};
			name = Release;
		};
/* End XCBuildConfiguration section */

/* Begin XCConfigurationList section */
		181673CC2705991B009FF101 /* Build configuration list for PBXProject "AllTaskInOneProject" */ = {
			isa = XCConfigurationList;
			buildConfigurations = (
				181673E32705991D009FF101 /* Debug */,
				181673E42705991D009FF101 /* Release */,
			);
			defaultConfigurationIsVisible = 0;
			defaultConfigurationName = Release;
		};
		181673E52705991D009FF101 /* Build configuration list for PBXNativeTarget "AllTaskInOneProject" */ = {
			isa = XCConfigurationList;
			buildConfigurations = (
				181673E62705991D009FF101 /* Debug */,
				181673E72705991D009FF101 /* Release */,
			);
			defaultConfigurationIsVisible = 0;
			defaultConfigurationName = Release;
		};
/* End XCConfigurationList section */
	};
	rootObject = 181673C92705991B009FF101 /* Project object */;
}
