// !$*UTF8*$!
{
	archiveVersion = 1;
	classes = {
	};
	objectVersion = 50;
	objects = {

/* Begin PBXBuildFile section */
		18F39B79270C54A00072B3AD /* AppDelegate.swift in Sources */ = {isa = PBXBuildFile; fileRef = 18F39B78270C54A00072B3AD /* AppDelegate.swift */; };
		18F39B7B270C54A00072B3AD /* SceneDelegate.swift in Sources */ = {isa = PBXBuildFile; fileRef = 18F39B7A270C54A00072B3AD /* SceneDelegate.swift */; };
		18F39B80270C54A00072B3AD /* Main.storyboard in Resources */ = {isa = PBXBuildFile; fileRef = 18F39B7E270C54A00072B3AD /* Main.storyboard */; };
		18F39B82270C54A20072B3AD /* Photos.xcassets in Resources */ = {isa = PBXBuildFile; fileRef = 18F39B81270C54A20072B3AD /* Photos.xcassets */; };
		18F39B85270C54A20072B3AD /* LaunchScreen.storyboard in Resources */ = {isa = PBXBuildFile; fileRef = 18F39B83270C54A20072B3AD /* LaunchScreen.storyboard */; };
		18F39B97270C599D0072B3AD /* Photos.plist in Resources */ = {isa = PBXBuildFile; fileRef = 18F39B96270C599D0072B3AD /* Photos.plist */; };
		18F39B9F270C69C40072B3AD /* AnnotatedPhotoCell.swift in Sources */ = {isa = PBXBuildFile; fileRef = 18F39B9E270C69C40072B3AD /* AnnotatedPhotoCell.swift */; };
		18F39BA1270C69CF0072B3AD /* PhotoStreamViewController.swift in Sources */ = {isa = PBXBuildFile; fileRef = 18F39BA0270C69CF0072B3AD /* PhotoStreamViewController.swift */; };
		18F39BA3270C69F00072B3AD /* Photo.swift in Sources */ = {isa = PBXBuildFile; fileRef = 18F39BA2270C69F00072B3AD /* Photo.swift */; };
		18F39BA5270C69FD0072B3AD /* PinterestLayout.swift in Sources */ = {isa = PBXBuildFile; fileRef = 18F39BA4270C69FD0072B3AD /* PinterestLayout.swift */; };
/* End PBXBuildFile section */

/* Begin PBXFileReference section */
		18F39B75270C54A00072B3AD /* photosApp.app */ = {isa = PBXFileReference; explicitFileType = wrapper.application; includeInIndex = 0; path = photosApp.app; sourceTree = BUILT_PRODUCTS_DIR; };
		18F39B78270C54A00072B3AD /* AppDelegate.swift */ = {isa = PBXFileReference; lastKnownFileType = sourcecode.swift; path = AppDelegate.swift; sourceTree = "<group>"; };
		18F39B7A270C54A00072B3AD /* SceneDelegate.swift */ = {isa = PBXFileReference; lastKnownFileType = sourcecode.swift; path = SceneDelegate.swift; sourceTree = "<group>"; };
		18F39B7F270C54A00072B3AD /* Base */ = {isa = PBXFileReference; lastKnownFileType = file.storyboard; name = Base; path = Base.lproj/Main.storyboard; sourceTree = "<group>"; };
		18F39B81270C54A20072B3AD /* Photos.xcassets */ = {isa = PBXFileReference; lastKnownFileType = folder.assetcatalog; path = Photos.xcassets; sourceTree = "<group>"; };
		18F39B84270C54A20072B3AD /* Base */ = {isa = PBXFileReference; lastKnownFileType = file.storyboard; name = Base; path = Base.lproj/LaunchScreen.storyboard; sourceTree = "<group>"; };
		18F39B86270C54A20072B3AD /* Info.plist */ = {isa = PBXFileReference; lastKnownFileType = text.plist.xml; path = Info.plist; sourceTree = "<group>"; };
		18F39B96270C599D0072B3AD /* Photos.plist */ = {isa = PBXFileReference; fileEncoding = 4; lastKnownFileType = text.plist.xml; path = Photos.plist; sourceTree = "<group>"; };
		18F39B9E270C69C40072B3AD /* AnnotatedPhotoCell.swift */ = {isa = PBXFileReference; fileEncoding = 4; lastKnownFileType = sourcecode.swift; path = AnnotatedPhotoCell.swift; sourceTree = "<group>"; };
		18F39BA0270C69CF0072B3AD /* PhotoStreamViewController.swift */ = {isa = PBXFileReference; fileEncoding = 4; lastKnownFileType = sourcecode.swift; path = PhotoStreamViewController.swift; sourceTree = "<group>"; };
		18F39BA2270C69F00072B3AD /* Photo.swift */ = {isa = PBXFileReference; fileEncoding = 4; lastKnownFileType = sourcecode.swift; path = Photo.swift; sourceTree = "<group>"; };
		18F39BA4270C69FD0072B3AD /* PinterestLayout.swift */ = {isa = PBXFileReference; fileEncoding = 4; lastKnownFileType = sourcecode.swift; path = PinterestLayout.swift; sourceTree = "<group>"; };
/* End PBXFileReference section */

/* Begin PBXFrameworksBuildPhase section */
		18F39B72270C54A00072B3AD /* Frameworks */ = {
			isa = PBXFrameworksBuildPhase;
			buildActionMask = 2147483647;
			files = (
			);
			runOnlyForDeploymentPostprocessing = 0;
		};
/* End PBXFrameworksBuildPhase section */

/* Begin PBXGroup section */
		18F39B6C270C54A00072B3AD = {
			isa = PBXGroup;
			children = (
				18F39B77270C54A00072B3AD /* photosApp */,
				18F39B76270C54A00072B3AD /* Products */,
			);
			sourceTree = "<group>";
		};
		18F39B76270C54A00072B3AD /* Products */ = {
			isa = PBXGroup;
			children = (
				18F39B75270C54A00072B3AD /* photosApp.app */,
			);
			name = Products;
			sourceTree = "<group>";
		};
		18F39B77270C54A00072B3AD /* photosApp */ = {
			isa = PBXGroup;
			children = (
				18F39B78270C54A00072B3AD /* AppDelegate.swift */,
				18F39B7A270C54A00072B3AD /* SceneDelegate.swift */,
				18F39B96270C599D0072B3AD /* Photos.plist */,
				18F39B7E270C54A00072B3AD /* Main.storyboard */,
				18F39BA2270C69F00072B3AD /* Photo.swift */,
				18F39BA4270C69FD0072B3AD /* PinterestLayout.swift */,
				18F39B9E270C69C40072B3AD /* AnnotatedPhotoCell.swift */,
				18F39BA0270C69CF0072B3AD /* PhotoStreamViewController.swift */,
				18F39B81270C54A20072B3AD /* Photos.xcassets */,
				18F39B83270C54A20072B3AD /* LaunchScreen.storyboard */,
				18F39B86270C54A20072B3AD /* Info.plist */,
			);
			path = photosApp;
			sourceTree = "<group>";
		};
/* End PBXGroup section */

/* Begin PBXNativeTarget section */
		18F39B74270C54A00072B3AD /* photosApp */ = {
			isa = PBXNativeTarget;
			buildConfigurationList = 18F39B89270C54A20072B3AD /* Build configuration list for PBXNativeTarget "photosApp" */;
			buildPhases = (
				18F39B71270C54A00072B3AD /* Sources */,
				18F39B72270C54A00072B3AD /* Frameworks */,
				18F39B73270C54A00072B3AD /* Resources */,
			);
			buildRules = (
			);
			dependencies = (
			);
			name = photosApp;
			productName = photosApp;
			productReference = 18F39B75270C54A00072B3AD /* photosApp.app */;
			productType = "com.apple.product-type.application";
		};
/* End PBXNativeTarget section */

/* Begin PBXProject section */
		18F39B6D270C54A00072B3AD /* Project object */ = {
			isa = PBXProject;
			attributes = {
				LastSwiftUpdateCheck = 1170;
				LastUpgradeCheck = 1170;
				ORGANIZATIONNAME = apple;
				TargetAttributes = {
					18F39B74270C54A00072B3AD = {
						CreatedOnToolsVersion = 11.7;
					};
				};
			};
			buildConfigurationList = 18F39B70270C54A00072B3AD /* Build configuration list for PBXProject "photosApp" */;
			compatibilityVersion = "Xcode 9.3";
			developmentRegion = en;
			hasScannedForEncodings = 0;
			knownRegions = (
				en,
				Base,
			);
			mainGroup = 18F39B6C270C54A00072B3AD;
			productRefGroup = 18F39B76270C54A00072B3AD /* Products */;
			projectDirPath = "";
			projectRoot = "";
			targets = (
				18F39B74270C54A00072B3AD /* photosApp */,
			);
		};
/* End PBXProject section */

/* Begin PBXResourcesBuildPhase section */
		18F39B73270C54A00072B3AD /* Resources */ = {
			isa = PBXResourcesBuildPhase;
			buildActionMask = 2147483647;
			files = (
				18F39B85270C54A20072B3AD /* LaunchScreen.storyboard in Resources */,
				18F39B82270C54A20072B3AD /* Photos.xcassets in Resources */,
				18F39B80270C54A00072B3AD /* Main.storyboard in Resources */,
				18F39B97270C599D0072B3AD /* Photos.plist in Resources */,
			);
			runOnlyForDeploymentPostprocessing = 0;
		};
/* End PBXResourcesBuildPhase section */

/* Begin PBXSourcesBuildPhase section */
		18F39B71270C54A00072B3AD /* Sources */ = {
			isa = PBXSourcesBuildPhase;
			buildActionMask = 2147483647;
			files = (
				18F39BA5270C69FD0072B3AD /* PinterestLayout.swift in Sources */,
				18F39B79270C54A00072B3AD /* AppDelegate.swift in Sources */,
				18F39B9F270C69C40072B3AD /* AnnotatedPhotoCell.swift in Sources */,
				18F39B7B270C54A00072B3AD /* SceneDelegate.swift in Sources */,
				18F39BA1270C69CF0072B3AD /* PhotoStreamViewController.swift in Sources */,
				18F39BA3270C69F00072B3AD /* Photo.swift in Sources */,
			);
			runOnlyForDeploymentPostprocessing = 0;
		};
/* End PBXSourcesBuildPhase section */

/* Begin PBXVariantGroup section */
		18F39B7E270C54A00072B3AD /* Main.storyboard */ = {
			isa = PBXVariantGroup;
			children = (
				18F39B7F270C54A00072B3AD /* Base */,
			);
			name = Main.storyboard;
			sourceTree = "<group>";
		};
		18F39B83270C54A20072B3AD /* LaunchScreen.storyboard */ = {
			isa = PBXVariantGroup;
			children = (
				18F39B84270C54A20072B3AD /* Base */,
			);
			name = LaunchScreen.storyboard;
			sourceTree = "<group>";
		};
/* End PBXVariantGroup section */

/* Begin XCBuildConfiguration section */
		18F39B87270C54A20072B3AD /* Debug */ = {
			isa = XCBuildConfiguration;
			buildSettings = {
				ALWAYS_SEARCH_USER_PATHS = NO;
				CLANG_ANALYZER_NONNULL = YES;
				CLANG_ANALYZER_NUMBER_OBJECT_CONVERSION = YES_AGGRESSIVE;
				CLANG_CXX_LANGUAGE_STANDARD = "gnu++14";
				CLANG_CXX_LIBRARY = "libc++";
				CLANG_ENABLE_MODULES = YES;
				CLANG_ENABLE_OBJC_ARC = YES;
				CLANG_ENABLE_OBJC_WEAK = YES;
				CLANG_WARN_BLOCK_CAPTURE_AUTORELEASING = YES;
				CLANG_WARN_BOOL_CONVERSION = YES;
				CLANG_WARN_COMMA = YES;
				CLANG_WARN_CONSTANT_CONVERSION = YES;
				CLANG_WARN_DEPRECATED_OBJC_IMPLEMENTATIONS = YES;
				CLANG_WARN_DIRECT_OBJC_ISA_USAGE = YES_ERROR;
				CLANG_WARN_DOCUMENTATION_COMMENTS = YES;
				CLANG_WARN_EMPTY_BODY = YES;
				CLANG_WARN_ENUM_CONVERSION = YES;
				CLANG_WARN_INFINITE_RECURSION = YES;
				CLANG_WARN_INT_CONVERSION = YES;
				CLANG_WARN_NON_LITERAL_NULL_CONVERSION = YES;
				CLANG_WARN_OBJC_IMPLICIT_RETAIN_SELF = YES;
				CLANG_WARN_OBJC_LITERAL_CONVERSION = YES;
				CLANG_WARN_OBJC_ROOT_CLASS = YES_ERROR;
				CLANG_WARN_RANGE_LOOP_ANALYSIS = YES;
				CLANG_WARN_STRICT_PROTOTYPES = YES;
				CLANG_WARN_SUSPICIOUS_MOVE = YES;
				CLANG_WARN_UNGUARDED_AVAILABILITY = YES_AGGRESSIVE;
				CLANG_WARN_UNREACHABLE_CODE = YES;
				CLANG_WARN__DUPLICATE_METHOD_MATCH = YES;
				COPY_PHASE_STRIP = NO;
				DEBUG_INFORMATION_FORMAT = dwarf;
				ENABLE_STRICT_OBJC_MSGSEND = YES;
				ENABLE_TESTABILITY = YES;
				GCC_C_LANGUAGE_STANDARD = gnu11;
				GCC_DYNAMIC_NO_PIC = NO;
				GCC_NO_COMMON_BLOCKS = YES;
				GCC_OPTIMIZATION_LEVEL = 0;
				GCC_PREPROCESSOR_DEFINITIONS = (
					"DEBUG=1",
					"$(inherited)",
				);
				GCC_WARN_64_TO_32_BIT_CONVERSION = YES;
				GCC_WARN_ABOUT_RETURN_TYPE = YES_ERROR;
				GCC_WARN_UNDECLARED_SELECTOR = YES;
				GCC_WARN_UNINITIALIZED_AUTOS = YES_AGGRESSIVE;
				GCC_WARN_UNUSED_FUNCTION = YES;
				GCC_WARN_UNUSED_VARIABLE = YES;
				IPHONEOS_DEPLOYMENT_TARGET = 13.7;
				MTL_ENABLE_DEBUG_INFO = INCLUDE_SOURCE;
				MTL_FAST_MATH = YES;
				ONLY_ACTIVE_ARCH = YES;
				SDKROOT = iphoneos;
				SWIFT_ACTIVE_COMPILATION_CONDITIONS = DEBUG;
				SWIFT_OPTIMIZATION_LEVEL = "-Onone";
			};
			name = Debug;
		};
		18F39B88270C54A20072B3AD /* Release */ = {
			isa = XCBuildConfiguration;
			buildSettings = {
				ALWAYS_SEARCH_USER_PATHS = NO;
				CLANG_ANALYZER_NONNULL = YES;
				CLANG_ANALYZER_NUMBER_OBJECT_CONVERSION = YES_AGGRESSIVE;
				CLANG_CXX_LANGUAGE_STANDARD = "gnu++14";
				CLANG_CXX_LIBRARY = "libc++";
				CLANG_ENABLE_MODULES = YES;
				CLANG_ENABLE_OBJC_ARC = YES;
				CLANG_ENABLE_OBJC_WEAK = YES;
				CLANG_WARN_BLOCK_CAPTURE_AUTORELEASING = YES;
				CLANG_WARN_BOOL_CONVERSION = YES;
				CLANG_WARN_COMMA = YES;
				CLANG_WARN_CONSTANT_CONVERSION = YES;
				CLANG_WARN_DEPRECATED_OBJC_IMPLEMENTATIONS = YES;
				CLANG_WARN_DIRECT_OBJC_ISA_USAGE = YES_ERROR;
				CLANG_WARN_DOCUMENTATION_COMMENTS = YES;
				CLANG_WARN_EMPTY_BODY = YES;
				CLANG_WARN_ENUM_CONVERSION = YES;
				CLANG_WARN_INFINITE_RECURSION = YES;
				CLANG_WARN_INT_CONVERSION = YES;
				CLANG_WARN_NON_LITERAL_NULL_CONVERSION = YES;
				CLANG_WARN_OBJC_IMPLICIT_RETAIN_SELF = YES;
				CLANG_WARN_OBJC_LITERAL_CONVERSION = YES;
				CLANG_WARN_OBJC_ROOT_CLASS = YES_ERROR;
				CLANG_WARN_RANGE_LOOP_ANALYSIS = YES;
				CLANG_WARN_STRICT_PROTOTYPES = YES;
				CLANG_WARN_SUSPICIOUS_MOVE = YES;
				CLANG_WARN_UNGUARDED_AVAILABILITY = YES_AGGRESSIVE;
				CLANG_WARN_UNREACHABLE_CODE = YES;
				CLANG_WARN__DUPLICATE_METHOD_MATCH = YES;
				COPY_PHASE_STRIP = NO;
				DEBUG_INFORMATION_FORMAT = "dwarf-with-dsym";
				ENABLE_NS_ASSERTIONS = NO;
				ENABLE_STRICT_OBJC_MSGSEND = YES;
				GCC_C_LANGUAGE_STANDARD = gnu11;
				GCC_NO_COMMON_BLOCKS = YES;
				GCC_WARN_64_TO_32_BIT_CONVERSION = YES;
				GCC_WARN_ABOUT_RETURN_TYPE = YES_ERROR;
				GCC_WARN_UNDECLARED_SELECTOR = YES;
				GCC_WARN_UNINITIALIZED_AUTOS = YES_AGGRESSIVE;
				GCC_WARN_UNUSED_FUNCTION = YES;
				GCC_WARN_UNUSED_VARIABLE = YES;
				IPHONEOS_DEPLOYMENT_TARGET = 13.7;
				MTL_ENABLE_DEBUG_INFO = NO;
				MTL_FAST_MATH = YES;
				SDKROOT = iphoneos;
				SWIFT_COMPILATION_MODE = wholemodule;
				SWIFT_OPTIMIZATION_LEVEL = "-O";
				VALIDATE_PRODUCT = YES;
			};
			name = Release;
		};
		18F39B8A270C54A20072B3AD /* Debug */ = {
			isa = XCBuildConfiguration;
			buildSettings = {
				ASSETCATALOG_COMPILER_APPICON_NAME = AppIcon;
				CODE_SIGN_STYLE = Automatic;
				INFOPLIST_FILE = photosApp/Info.plist;
				LD_RUNPATH_SEARCH_PATHS = (
					"$(inherited)",
					"@executable_path/Frameworks",
				);
				PRODUCT_BUNDLE_IDENTIFIER = com.photosApp;
				PRODUCT_NAME = "$(TARGET_NAME)";
				SWIFT_VERSION = 5.0;
				TARGETED_DEVICE_FAMILY = "1,2";
			};
			name = Debug;
		};
		18F39B8B270C54A20072B3AD /* Release */ = {
			isa = XCBuildConfiguration;
			buildSettings = {
				ASSETCATALOG_COMPILER_APPICON_NAME = AppIcon;
				CODE_SIGN_STYLE = Automatic;
				INFOPLIST_FILE = photosApp/Info.plist;
				LD_RUNPATH_SEARCH_PATHS = (
					"$(inherited)",
					"@executable_path/Frameworks",
				);
				PRODUCT_BUNDLE_IDENTIFIER = com.photosApp;
				PRODUCT_NAME = "$(TARGET_NAME)";
				SWIFT_VERSION = 5.0;
				TARGETED_DEVICE_FAMILY = "1,2";
			};
			name = Release;
		};
/* End XCBuildConfiguration section */

/* Begin XCConfigurationList section */
		18F39B70270C54A00072B3AD /* Build configuration list for PBXProject "photosApp" */ = {
			isa = XCConfigurationList;
			buildConfigurations = (
				18F39B87270C54A20072B3AD /* Debug */,
				18F39B88270C54A20072B3AD /* Release */,
			);
			defaultConfigurationIsVisible = 0;
			defaultConfigurationName = Release;
		};
		18F39B89270C54A20072B3AD /* Build configuration list for PBXNativeTarget "photosApp" */ = {
			isa = XCConfigurationList;
			buildConfigurations = (
				18F39B8A270C54A20072B3AD /* Debug */,
				18F39B8B270C54A20072B3AD /* Release */,
			);
			defaultConfigurationIsVisible = 0;
			defaultConfigurationName = Release;
		};
/* End XCConfigurationList section */
	};
	rootObject = 18F39B6D270C54A00072B3AD /* Project object */;
}
